
Microsoft Visual Studio Solution File, Format Version 12.00
# Visual Studio Version 17
VisualStudioVersion = 17.13.35825.156 d17.13
MinimumVisualStudioVersion = 10.0.40219.1
Project("{FAE04EC0-301F-11D3-BF4B-00C04F79EFBC}") = "FakeHTTPServer", "FakeHTTPServer\FakeHTTPServer.csproj", "{CCA6A5BA-FC6D-48CD-B236-188CFAA4D52C}"
EndProject
Global
	GlobalSection(SolutionConfigurationPlatforms) = preSolution
		Debug|Any CPU = Debug|Any CPU
		Release|Any CPU = Release|Any CPU
	EndGlobalSection
	GlobalSection(ProjectConfigurationPlatforms) = postSolution
		{CCA6A5BA-FC6D-48CD-B236-188CFAA4D52C}.Debug|Any CPU.ActiveCfg = Debug|Any CPU
		{CCA6A5BA-FC6D-48CD-B236-188CFAA4D52C}.Debug|Any CPU.Build.0 = Debug|Any CPU
		{CCA6A5BA-FC6D-48CD-B236-188CFAA4D52C}.Release|Any CPU.ActiveCfg = Release|Any CPU
		{CCA6A5BA-FC6D-48CD-B236-188CFAA4D52C}.Release|Any CPU.Build.0 = Release|Any CPU
	EndGlobalSection
	GlobalSection(SolutionProperties) = preSolution
		HideSolutionNode = FALSE
	EndGlobalSection
	GlobalSection(ExtensibilityGlobals) = postSolution
		SolutionGuid = {EBFBC22A-C62A-41B2-AA29-C0CB951E59FF}
	EndGlobalSection
EndGlobal
